
Microsoft Visual Studio Solution File, Format Version 12.00
# Visual Studio 2012
Project("{FAE04EC0-301F-11D3-BF4B-00C04F79EFBC}") = "HMI", "HMI\HMI.csproj", "{431224E7-F3FF-4BA7-AA67-838A9395A60A}"
EndProject
Project("{FAE04EC0-301F-11D3-BF4B-00C04F79EFBC}") = "Lib", "Lib\Lib.csproj", "{89A625F0-541E-4389-AC17-F59D8948CD6F}"
EndProject
Global
	GlobalSection(SolutionConfigurationPlatforms) = preSolution
		Debug|Any CPU = Debug|Any CPU
		Release|Any CPU = Release|Any CPU
	EndGlobalSection
	GlobalSection(ProjectConfigurationPlatforms) = postSolution
		{431224E7-F3FF-4BA7-AA67-838A9395A60A}.Debug|Any CPU.ActiveCfg = Debug|Any CPU
		{431224E7-F3FF-4BA7-AA67-838A9395A60A}.Debug|Any CPU.Build.0 = Debug|Any CPU
		{431224E7-F3FF-4BA7-AA67-838A9395A60A}.Release|Any CPU.ActiveCfg = Release|Any CPU
		{431224E7-F3FF-4BA7-AA67-838A9395A60A}.Release|Any CPU.Build.0 = Release|Any CPU
		{89A625F0-541E-4389-AC17-F59D8948CD6F}.Debug|Any CPU.ActiveCfg = Debug|Any CPU
		{89A625F0-541E-4389-AC17-F59D8948CD6F}.Debug|Any CPU.Build.0 = Debug|Any CPU
		{89A625F0-541E-4389-AC17-F59D8948CD6F}.Release|Any CPU.ActiveCfg = Release|Any CPU
		{89A625F0-541E-4389-AC17-F59D8948CD6F}.Release|Any CPU.Build.0 = Release|Any CPU
	EndGlobalSection
	GlobalSection(SolutionProperties) = preSolution
		HideSolutionNode = FALSE
	EndGlobalSection
EndGlobal
